
Microsoft Visual Studio Solution File, Format Version 12.00
# Visual Studio Version 17
VisualStudioVersion = 17.5.33530.505
MinimumVisualStudioVersion = 10.0.40219.1
Project("{FAE04EC0-301F-11D3-BF4B-00C04F79EFBC}") = "TDDTest.API", "TDDTest.API\TDDTest.API.csproj", "{70EA743D-AB50-4F41-B19D-4283A84AEE54}"
EndProject
Project("{FAE04EC0-301F-11D3-BF4B-00C04F79EFBC}") = "TDDTest.UnitTests", "TDDTest.UnitTests\TDDTest.UnitTests.csproj", "{C3B85EAE-8864-4075-AE63-E156D86F4C83}"
EndProject
Global
	GlobalSection(SolutionConfigurationPlatforms) = preSolution
		Debug|Any CPU = Debug|Any CPU
		Release|Any CPU = Release|Any CPU
	EndGlobalSection
	GlobalSection(ProjectConfigurationPlatforms) = postSolution
		{70EA743D-AB50-4F41-B19D-4283A84AEE54}.Debug|Any CPU.ActiveCfg = Debug|Any CPU
		{70EA743D-AB50-4F41-B19D-4283A84AEE54}.Debug|Any CPU.Build.0 = Debug|Any CPU
		{70EA743D-AB50-4F41-B19D-4283A84AEE54}.Release|Any CPU.ActiveCfg = Release|Any CPU
		{70EA743D-AB50-4F41-B19D-4283A84AEE54}.Release|Any CPU.Build.0 = Release|Any CPU
		{C3B85EAE-8864-4075-AE63-E156D86F4C83}.Debug|Any CPU.ActiveCfg = Debug|Any CPU
		{C3B85EAE-8864-4075-AE63-E156D86F4C83}.Debug|Any CPU.Build.0 = Debug|Any CPU
		{C3B85EAE-8864-4075-AE63-E156D86F4C83}.Release|Any CPU.ActiveCfg = Release|Any CPU
		{C3B85EAE-8864-4075-AE63-E156D86F4C83}.Release|Any CPU.Build.0 = Release|Any CPU
	EndGlobalSection
	GlobalSection(SolutionProperties) = preSolution
		HideSolutionNode = FALSE
	EndGlobalSection
	GlobalSection(ExtensibilityGlobals) = postSolution
		SolutionGuid = {CC773ED9-30DB-4BF2-A56E-FF4651A66354}
	EndGlobalSection
EndGlobal
